
Microsoft Visual Studio Solution File, Format Version 12.00
# Visual Studio 15
VisualStudioVersion = 15.0.27703.2000
MinimumVisualStudioVersion = 10.0.40219.1
Project("{00D1A9C2-B5F0-4AF3-8072-F6C62B433612}") = "Database1", "Database1\Database1.sqlproj", "{FA0F0980-9052-41BA-93F7-B4F4AB0043E5}"
EndProject
Global
	GlobalSection(SolutionConfigurationPlatforms) = preSolution
		Debug|Any CPU = Debug|Any CPU
		Release|Any CPU = Release|Any CPU
	EndGlobalSection
	GlobalSection(ProjectConfigurationPlatforms) = postSolution
		{FA0F0980-9052-41BA-93F7-B4F4AB0043E5}.Debug|Any CPU.ActiveCfg = Debug|Any CPU
		{FA0F0980-9052-41BA-93F7-B4F4AB0043E5}.Debug|Any CPU.Build.0 = Debug|Any CPU
		{FA0F0980-9052-41BA-93F7-B4F4AB0043E5}.Debug|Any CPU.Deploy.0 = Debug|Any CPU
		{FA0F0980-9052-41BA-93F7-B4F4AB0043E5}.Release|Any CPU.ActiveCfg = Release|Any CPU
		{FA0F0980-9052-41BA-93F7-B4F4AB0043E5}.Release|Any CPU.Build.0 = Release|Any CPU
		{FA0F0980-9052-41BA-93F7-B4F4AB0043E5}.Release|Any CPU.Deploy.0 = Release|Any CPU
	EndGlobalSection
	GlobalSection(SolutionProperties) = preSolution
		HideSolutionNode = FALSE
	EndGlobalSection
	GlobalSection(ExtensibilityGlobals) = postSolution
		SolutionGuid = {DE520848-0EDE-40CF-BFDB-E7F6FBFDCA19}
	EndGlobalSection
EndGlobal
